// !$*UTF8*$!
{
	archiveVersion = 1;
	classes = {
	};
	objectVersion = 46;
	objects = {

/* Begin PBXBuildFile section */
		12FCCDAA4AA13263C728B514 /* Pods_PickSwfit.framework in Frameworks */ = {isa = PBXBuildFile; fileRef = C4727C323DC70B2E86C2B861 /* Pods_PickSwfit.framework */; };
		CF8CADE21ED51DA200DA6F05 /* AppDelegate.swift in Sources */ = {isa = PBXBuildFile; fileRef = CF8CADE11ED51DA200DA6F05 /* AppDelegate.swift */; };
		CF8CADE71ED51DA200DA6F05 /* Main.storyboard in Resources */ = {isa = PBXBuildFile; fileRef = CF8CADE51ED51DA200DA6F05 /* Main.storyboard */; };
		CF8CADE91ED51DA200DA6F05 /* Assets.xcassets in Resources */ = {isa = PBXBuildFile; fileRef = CF8CADE81ED51DA200DA6F05 /* Assets.xcassets */; };
		CF8CADEC1ED51DA200DA6F05 /* LaunchScreen.storyboard in Resources */ = {isa = PBXBuildFile; fileRef = CF8CADEA1ED51DA200DA6F05 /* LaunchScreen.storyboard */; };
		CF8CADF71ED51DA200DA6F05 /* PickSwfitTests.swift in Sources */ = {isa = PBXBuildFile; fileRef = CF8CADF61ED51DA200DA6F05 /* PickSwfitTests.swift */; };
		CF8CAE021ED51DA200DA6F05 /* PickSwfitUITests.swift in Sources */ = {isa = PBXBuildFile; fileRef = CF8CAE011ED51DA200DA6F05 /* PickSwfitUITests.swift */; };
		CFA8D3BE1EEF966C00E36D06 /* StreetViewController.xib in Resources */ = {isa = PBXBuildFile; fileRef = CFA8D3BC1EEF966C00E36D06 /* StreetViewController.xib */; };
		CFA8D3C11EEF96D800E36D06 /* SwfitAFNetworking.swift in Sources */ = {isa = PBXBuildFile; fileRef = CFA8D3C01EEF96D800E36D06 /* SwfitAFNetworking.swift */; };
		CFA8D3C61EEF96E200E36D06 /* ProvinceViewController.swift in Sources */ = {isa = PBXBuildFile; fileRef = CFA8D3C31EEF96E200E36D06 /* ProvinceViewController.swift */; };
		CFA8D3C71EEF96E200E36D06 /* StreetViewController.swift in Sources */ = {isa = PBXBuildFile; fileRef = CFA8D3C41EEF96E200E36D06 /* StreetViewController.swift */; };
		CFA8D3C81EEF96E200E36D06 /* ViewController.swift in Sources */ = {isa = PBXBuildFile; fileRef = CFA8D3C51EEF96E200E36D06 /* ViewController.swift */; };
		CFE633091ED580400077958A /* AFNetworking.framework in Frameworks */ = {isa = PBXBuildFile; fileRef = CF6D0F9B1ED57CA300449C40 /* AFNetworking.framework */; };
/* End PBXBuildFile section */

/* Begin PBXContainerItemProxy section */
		CF8CADF31ED51DA200DA6F05 /* PBXContainerItemProxy */ = {
			isa = PBXContainerItemProxy;
			containerPortal = CF8CADD61ED51DA200DA6F05 /* Project object */;
			proxyType = 1;
			remoteGlobalIDString = CF8CADDD1ED51DA200DA6F05;
			remoteInfo = PickSwfit;
		};
		CF8CADFE1ED51DA200DA6F05 /* PBXContainerItemProxy */ = {
			isa = PBXContainerItemProxy;
			containerPortal = CF8CADD61ED51DA200DA6F05 /* Project object */;
			proxyType = 1;
			remoteGlobalIDString = CF8CADDD1ED51DA200DA6F05;
			remoteInfo = PickSwfit;
		};
/* End PBXContainerItemProxy section */

/* Begin PBXFileReference section */
		5D60DA262CCC698CFF7DE25F /* Pods-PickSwfit.release.xcconfig */ = {isa = PBXFileReference; includeInIndex = 1; lastKnownFileType = text.xcconfig; name = "Pods-PickSwfit.release.xcconfig"; path = "Pods/Target Support Files/Pods-PickSwfit/Pods-PickSwfit.release.xcconfig"; sourceTree = "<group>"; };
		AF6AACC4E831AC087B75517A /* Pods-PickSwfit.debug.xcconfig */ = {isa = PBXFileReference; includeInIndex = 1; lastKnownFileType = text.xcconfig; name = "Pods-PickSwfit.debug.xcconfig"; path = "Pods/Target Support Files/Pods-PickSwfit/Pods-PickSwfit.debug.xcconfig"; sourceTree = "<group>"; };
		C4727C323DC70B2E86C2B861 /* Pods_PickSwfit.framework */ = {isa = PBXFileReference; explicitFileType = wrapper.framework; includeInIndex = 0; path = Pods_PickSwfit.framework; sourceTree = BUILT_PRODUCTS_DIR; };
		CF6D0F991ED5722F00449C40 /* AFNetworking.framework */ = {isa = PBXFileReference; lastKnownFileType = wrapper.framework; name = AFNetworking.framework; path = "Pods/../build/Debug-iphoneos/AFNetworking/AFNetworking.framework"; sourceTree = "<group>"; };
		CF6D0F9B1ED57CA300449C40 /* AFNetworking.framework */ = {isa = PBXFileReference; lastKnownFileType = wrapper.framework; name = AFNetworking.framework; path = "../../Library/Developer/Xcode/DerivedData/PickSwfit-gmsmbkoeenidzhguazlkclsqhzon/Build/Products/Debug-iphonesimulator/AFNetworking/AFNetworking.framework"; sourceTree = "<group>"; };
		CF8CADDE1ED51DA200DA6F05 /* PickSwfit.app */ = {isa = PBXFileReference; explicitFileType = wrapper.application; includeInIndex = 0; path = PickSwfit.app; sourceTree = BUILT_PRODUCTS_DIR; };
		CF8CADE11ED51DA200DA6F05 /* AppDelegate.swift */ = {isa = PBXFileReference; lastKnownFileType = sourcecode.swift; path = AppDelegate.swift; sourceTree = "<group>"; };
		CF8CADE61ED51DA200DA6F05 /* Base */ = {isa = PBXFileReference; lastKnownFileType = file.storyboard; name = Base; path = Base.lproj/Main.storyboard; sourceTree = "<group>"; };
		CF8CADE81ED51DA200DA6F05 /* Assets.xcassets */ = {isa = PBXFileReference; lastKnownFileType = folder.assetcatalog; path = Assets.xcassets; sourceTree = "<group>"; };
		CF8CADEB1ED51DA200DA6F05 /* Base */ = {isa = PBXFileReference; lastKnownFileType = file.storyboard; name = Base; path = Base.lproj/LaunchScreen.storyboard; sourceTree = "<group>"; };
		CF8CADED1ED51DA200DA6F05 /* Info.plist */ = {isa = PBXFileReference; lastKnownFileType = text.plist.xml; path = Info.plist; sourceTree = "<group>"; };
		CF8CADF21ED51DA200DA6F05 /* PickSwfitTests.xctest */ = {isa = PBXFileReference; explicitFileType = wrapper.cfbundle; includeInIndex = 0; path = PickSwfitTests.xctest; sourceTree = BUILT_PRODUCTS_DIR; };
		CF8CADF61ED51DA200DA6F05 /* PickSwfitTests.swift */ = {isa = PBXFileReference; lastKnownFileType = sourcecode.swift; path = PickSwfitTests.swift; sourceTree = "<group>"; };
		CF8CADF81ED51DA200DA6F05 /* Info.plist */ = {isa = PBXFileReference; lastKnownFileType = text.plist.xml; path = Info.plist; sourceTree = "<group>"; };
		CF8CADFD1ED51DA200DA6F05 /* PickSwfitUITests.xctest */ = {isa = PBXFileReference; explicitFileType = wrapper.cfbundle; includeInIndex = 0; path = PickSwfitUITests.xctest; sourceTree = BUILT_PRODUCTS_DIR; };
		CF8CAE011ED51DA200DA6F05 /* PickSwfitUITests.swift */ = {isa = PBXFileReference; lastKnownFileType = sourcecode.swift; path = PickSwfitUITests.swift; sourceTree = "<group>"; };
		CF8CAE031ED51DA200DA6F05 /* Info.plist */ = {isa = PBXFileReference; lastKnownFileType = text.plist.xml; path = Info.plist; sourceTree = "<group>"; };
		CFA8D3BC1EEF966C00E36D06 /* StreetViewController.xib */ = {isa = PBXFileReference; fileEncoding = 4; lastKnownFileType = file.xib; name = StreetViewController.xib; path = ../StreetViewController.xib; sourceTree = "<group>"; };
		CFA8D3C01EEF96D800E36D06 /* SwfitAFNetworking.swift */ = {isa = PBXFileReference; fileEncoding = 4; lastKnownFileType = sourcecode.swift; path = SwfitAFNetworking.swift; sourceTree = "<group>"; };
		CFA8D3C31EEF96E200E36D06 /* ProvinceViewController.swift */ = {isa = PBXFileReference; fileEncoding = 4; lastKnownFileType = sourcecode.swift; path = ProvinceViewController.swift; sourceTree = "<group>"; };
		CFA8D3C41EEF96E200E36D06 /* StreetViewController.swift */ = {isa = PBXFileReference; fileEncoding = 4; lastKnownFileType = sourcecode.swift; path = StreetViewController.swift; sourceTree = "<group>"; };
		CFA8D3C51EEF96E200E36D06 /* ViewController.swift */ = {isa = PBXFileReference; fileEncoding = 4; lastKnownFileType = sourcecode.swift; path = ViewController.swift; sourceTree = "<group>"; };
		CFBD43CD1ED539E400760E96 /* libAFNetworking.a */ = {isa = PBXFileReference; lastKnownFileType = archive.ar; name = libAFNetworking.a; path = "../../Library/Developer/Xcode/DerivedData/PickSwfit-gmsmbkoeenidzhguazlkclsqhzon/Build/Products/Debug-iphonesimulator/AFNetworking/libAFNetworking.a"; sourceTree = "<group>"; };
		CFBD43CF1ED53B1B00760E96 /* CFNetwork.framework */ = {isa = PBXFileReference; lastKnownFileType = wrapper.framework; name = CFNetwork.framework; path = System/Library/Frameworks/CFNetwork.framework; sourceTree = SDKROOT; };
/* End PBXFileReference section */

/* Begin PBXFrameworksBuildPhase section */
		CF8CADDB1ED51DA200DA6F05 /* Frameworks */ = {
			isa = PBXFrameworksBuildPhase;
			buildActionMask = 2147483647;
			files = (
				CFE633091ED580400077958A /* AFNetworking.framework in Frameworks */,
				12FCCDAA4AA13263C728B514 /* Pods_PickSwfit.framework in Frameworks */,
			);
			runOnlyForDeploymentPostprocessing = 0;
		};
		CF8CADEF1ED51DA200DA6F05 /* Frameworks */ = {
			isa = PBXFrameworksBuildPhase;
			buildActionMask = 2147483647;
			files = (
			);
			runOnlyForDeploymentPostprocessing = 0;
		};
		CF8CADFA1ED51DA200DA6F05 /* Frameworks */ = {
			isa = PBXFrameworksBuildPhase;
			buildActionMask = 2147483647;
			files = (
			);
			runOnlyForDeploymentPostprocessing = 0;
		};
/* End PBXFrameworksBuildPhase section */

/* Begin PBXGroup section */
		00DABCEC6E16DD9608CA974F /* Pods */ = {
			isa = PBXGroup;
			children = (
				AF6AACC4E831AC087B75517A /* Pods-PickSwfit.debug.xcconfig */,
				5D60DA262CCC698CFF7DE25F /* Pods-PickSwfit.release.xcconfig */,
			);
			name = Pods;
			sourceTree = "<group>";
		};
		CF8CADD51ED51DA200DA6F05 = {
			isa = PBXGroup;
			children = (
				CF8CADE01ED51DA200DA6F05 /* PickSwfit */,
				CF8CADF51ED51DA200DA6F05 /* PickSwfitTests */,
				CF8CAE001ED51DA200DA6F05 /* PickSwfitUITests */,
				CF8CADDF1ED51DA200DA6F05 /* Products */,
				00DABCEC6E16DD9608CA974F /* Pods */,
				F4C59EF0C2FC8ECF726CC36F /* Frameworks */,
			);
			sourceTree = "<group>";
		};
		CF8CADDF1ED51DA200DA6F05 /* Products */ = {
			isa = PBXGroup;
			children = (
				CF8CADDE1ED51DA200DA6F05 /* PickSwfit.app */,
				CF8CADF21ED51DA200DA6F05 /* PickSwfitTests.xctest */,
				CF8CADFD1ED51DA200DA6F05 /* PickSwfitUITests.xctest */,
			);
			name = Products;
			sourceTree = "<group>";
		};
		CF8CADE01ED51DA200DA6F05 /* PickSwfit */ = {
			isa = PBXGroup;
			children = (
				CFA8D3C91EEF971000E36D06 /* xib */,
				CFA8D3C21EEF96E200E36D06 /* ViewController */,
				CFA8D3BF1EEF96D800E36D06 /* 网络请求封装 */,
				CF8CADE11ED51DA200DA6F05 /* AppDelegate.swift */,
				CF8CADE51ED51DA200DA6F05 /* Main.storyboard */,
				CF8CADE81ED51DA200DA6F05 /* Assets.xcassets */,
				CF8CADEA1ED51DA200DA6F05 /* LaunchScreen.storyboard */,
				CF8CADED1ED51DA200DA6F05 /* Info.plist */,
			);
			path = PickSwfit;
			sourceTree = "<group>";
		};
		CF8CADF51ED51DA200DA6F05 /* PickSwfitTests */ = {
			isa = PBXGroup;
			children = (
				CF8CADF61ED51DA200DA6F05 /* PickSwfitTests.swift */,
				CF8CADF81ED51DA200DA6F05 /* Info.plist */,
			);
			path = PickSwfitTests;
			sourceTree = "<group>";
		};
		CF8CAE001ED51DA200DA6F05 /* PickSwfitUITests */ = {
			isa = PBXGroup;
			children = (
				CF8CAE011ED51DA200DA6F05 /* PickSwfitUITests.swift */,
				CF8CAE031ED51DA200DA6F05 /* Info.plist */,
			);
			path = PickSwfitUITests;
			sourceTree = "<group>";
		};
		CFA8D3BF1EEF96D800E36D06 /* 网络请求封装 */ = {
			isa = PBXGroup;
			children = (
				CFA8D3C01EEF96D800E36D06 /* SwfitAFNetworking.swift */,
			);
			path = "网络请求封装";
			sourceTree = "<group>";
		};
		CFA8D3C21EEF96E200E36D06 /* ViewController */ = {
			isa = PBXGroup;
			children = (
				CFA8D3C51EEF96E200E36D06 /* ViewController.swift */,
				CFA8D3C31EEF96E200E36D06 /* ProvinceViewController.swift */,
				CFA8D3C41EEF96E200E36D06 /* StreetViewController.swift */,
			);
			path = ViewController;
			sourceTree = "<group>";
		};
		CFA8D3C91EEF971000E36D06 /* xib */ = {
			isa = PBXGroup;
			children = (
				CFA8D3BC1EEF966C00E36D06 /* StreetViewController.xib */,
			);
			path = xib;
			sourceTree = "<group>";
		};
		F4C59EF0C2FC8ECF726CC36F /* Frameworks */ = {
			isa = PBXGroup;
			children = (
				CF6D0F9B1ED57CA300449C40 /* AFNetworking.framework */,
				CF6D0F991ED5722F00449C40 /* AFNetworking.framework */,
				CFBD43CF1ED53B1B00760E96 /* CFNetwork.framework */,
				CFBD43CD1ED539E400760E96 /* libAFNetworking.a */,
				C4727C323DC70B2E86C2B861 /* Pods_PickSwfit.framework */,
			);
			name = Frameworks;
			sourceTree = "<group>";
		};
/* End PBXGroup section */

/* Begin PBXNativeTarget section */
		CF8CADDD1ED51DA200DA6F05 /* PickSwfit */ = {
			isa = PBXNativeTarget;
			buildConfigurationList = CF8CAE061ED51DA200DA6F05 /* Build configuration list for PBXNativeTarget "PickSwfit" */;
			buildPhases = (
				A126565A8D037A9404816546 /* [CP] Check Pods Manifest.lock */,
				CF8CADDA1ED51DA200DA6F05 /* Sources */,
				CF8CADDB1ED51DA200DA6F05 /* Frameworks */,
				CF8CADDC1ED51DA200DA6F05 /* Resources */,
				CABE8E118F273783AE969946 /* [CP] Embed Pods Frameworks */,
				13BAB17761EF7814FFAE79C6 /* [CP] Copy Pods Resources */,
			);
			buildRules = (
			);
			dependencies = (
			);
			name = PickSwfit;
			productName = PickSwfit;
			productReference = CF8CADDE1ED51DA200DA6F05 /* PickSwfit.app */;
			productType = "com.apple.product-type.application";
		};
		CF8CADF11ED51DA200DA6F05 /* PickSwfitTests */ = {
			isa = PBXNativeTarget;
			buildConfigurationList = CF8CAE091ED51DA200DA6F05 /* Build configuration list for PBXNativeTarget "PickSwfitTests" */;
			buildPhases = (
				CF8CADEE1ED51DA200DA6F05 /* Sources */,
				CF8CADEF1ED51DA200DA6F05 /* Frameworks */,
				CF8CADF01ED51DA200DA6F05 /* Resources */,
			);
			buildRules = (
			);
			dependencies = (
				CF8CADF41ED51DA200DA6F05 /* PBXTargetDependency */,
			);
			name = PickSwfitTests;
			productName = PickSwfitTests;
			productReference = CF8CADF21ED51DA200DA6F05 /* PickSwfitTests.xctest */;
			productType = "com.apple.product-type.bundle.unit-test";
		};
		CF8CADFC1ED51DA200DA6F05 /* PickSwfitUITests */ = {
			isa = PBXNativeTarget;
			buildConfigurationList = CF8CAE0C1ED51DA200DA6F05 /* Build configuration list for PBXNativeTarget "PickSwfitUITests" */;
			buildPhases = (
				CF8CADF91ED51DA200DA6F05 /* Sources */,
				CF8CADFA1ED51DA200DA6F05 /* Frameworks */,
				CF8CADFB1ED51DA200DA6F05 /* Resources */,
			);
			buildRules = (
			);
			dependencies = (
				CF8CADFF1ED51DA200DA6F05 /* PBXTargetDependency */,
			);
			name = PickSwfitUITests;
			productName = PickSwfitUITests;
			productReference = CF8CADFD1ED51DA200DA6F05 /* PickSwfitUITests.xctest */;
			productType = "com.apple.product-type.bundle.ui-testing";
		};
/* End PBXNativeTarget section */

/* Begin PBXProject section */
		CF8CADD61ED51DA200DA6F05 /* Project object */ = {
			isa = PBXProject;
			attributes = {
				LastSwiftUpdateCheck = 0830;
				LastUpgradeCheck = 0830;
				ORGANIZATIONNAME = Liu;
				TargetAttributes = {
					CF8CADDD1ED51DA200DA6F05 = {
						CreatedOnToolsVersion = 8.3.2;
						LastSwiftMigration = 0830;
						ProvisioningStyle = Automatic;
					};
					CF8CADF11ED51DA200DA6F05 = {
						CreatedOnToolsVersion = 8.3.2;
						ProvisioningStyle = Automatic;
						TestTargetID = CF8CADDD1ED51DA200DA6F05;
					};
					CF8CADFC1ED51DA200DA6F05 = {
						CreatedOnToolsVersion = 8.3.2;
						ProvisioningStyle = Automatic;
						TestTargetID = CF8CADDD1ED51DA200DA6F05;
					};
				};
			};
			buildConfigurationList = CF8CADD91ED51DA200DA6F05 /* Build configuration list for PBXProject "PickSwfit" */;
			compatibilityVersion = "Xcode 3.2";
			developmentRegion = English;
			hasScannedForEncodings = 0;
			knownRegions = (
				en,
				Base,
			);
			mainGroup = CF8CADD51ED51DA200DA6F05;
			productRefGroup = CF8CADDF1ED51DA200DA6F05 /* Products */;
			projectDirPath = "";
			projectRoot = "";
			targets = (
				CF8CADDD1ED51DA200DA6F05 /* PickSwfit */,
				CF8CADF11ED51DA200DA6F05 /* PickSwfitTests */,
				CF8CADFC1ED51DA200DA6F05 /* PickSwfitUITests */,
			);
		};
/* End PBXProject section */

/* Begin PBXResourcesBuildPhase section */
		CF8CADDC1ED51DA200DA6F05 /* Resources */ = {
			isa = PBXResourcesBuildPhase;
			buildActionMask = 2147483647;
			files = (
				CF8CADEC1ED51DA200DA6F05 /* LaunchScreen.storyboard in Resources */,
				CF8CADE91ED51DA200DA6F05 /* Assets.xcassets in Resources */,
				CF8CADE71ED51DA200DA6F05 /* Main.storyboard in Resources */,
				CFA8D3BE1EEF966C00E36D06 /* StreetViewController.xib in Resources */,
			);
			runOnlyForDeploymentPostprocessing = 0;
		};
		CF8CADF01ED51DA200DA6F05 /* Resources */ = {
			isa = PBXResourcesBuildPhase;
			buildActionMask = 2147483647;
			files = (
			);
			runOnlyForDeploymentPostprocessing = 0;
		};
		CF8CADFB1ED51DA200DA6F05 /* Resources */ = {
			isa = PBXResourcesBuildPhase;
			buildActionMask = 2147483647;
			files = (
			);
			runOnlyForDeploymentPostprocessing = 0;
		};
/* End PBXResourcesBuildPhase section */

/* Begin PBXShellScriptBuildPhase section */
		13BAB17761EF7814FFAE79C6 /* [CP] Copy Pods Resources */ = {
			isa = PBXShellScriptBuildPhase;
			buildActionMask = 2147483647;
			files = (
			);
			inputPaths = (
			);
			name = "[CP] Copy Pods Resources";
			outputPaths = (
			);
			runOnlyForDeploymentPostprocessing = 0;
			shellPath = /bin/sh;
			shellScript = "\"${SRCROOT}/Pods/Target Support Files/Pods-PickSwfit/Pods-PickSwfit-resources.sh\"\n";
			showEnvVarsInLog = 0;
		};
		A126565A8D037A9404816546 /* [CP] Check Pods Manifest.lock */ = {
			isa = PBXShellScriptBuildPhase;
			buildActionMask = 2147483647;
			files = (
			);
			inputPaths = (
			);
			name = "[CP] Check Pods Manifest.lock";
			outputPaths = (
			);
			runOnlyForDeploymentPostprocessing = 0;
			shellPath = /bin/sh;
			shellScript = "diff \"${PODS_ROOT}/../Podfile.lock\" \"${PODS_ROOT}/Manifest.lock\" > /dev/null\nif [ $? != 0 ] ; then\n    # print error to STDERR\n    echo \"error: The sandbox is not in sync with the Podfile.lock. Run 'pod install' or update your CocoaPods installation.\" >&2\n    exit 1\nfi\n";
			showEnvVarsInLog = 0;
		};
		CABE8E118F273783AE969946 /* [CP] Embed Pods Frameworks */ = {
			isa = PBXShellScriptBuildPhase;
			buildActionMask = 2147483647;
			files = (
			);
			inputPaths = (
			);
			name = "[CP] Embed Pods Frameworks";
			outputPaths = (
			);
			runOnlyForDeploymentPostprocessing = 0;
			shellPath = /bin/sh;
			shellScript = "\"${SRCROOT}/Pods/Target Support Files/Pods-PickSwfit/Pods-PickSwfit-frameworks.sh\"\n";
			showEnvVarsInLog = 0;
		};
/* End PBXShellScriptBuildPhase section */

/* Begin PBXSourcesBuildPhase section */
		CF8CADDA1ED51DA200DA6F05 /* Sources */ = {
			isa = PBXSourcesBuildPhase;
			buildActionMask = 2147483647;
			files = (
				CFA8D3C81EEF96E200E36D06 /* ViewController.swift in Sources */,
				CFA8D3C11EEF96D800E36D06 /* SwfitAFNetworking.swift in Sources */,
				CFA8D3C61EEF96E200E36D06 /* ProvinceViewController.swift in Sources */,
				CF8CADE21ED51DA200DA6F05 /* AppDelegate.swift in Sources */,
				CFA8D3C71EEF96E200E36D06 /* StreetViewController.swift in Sources */,
			);
			runOnlyForDeploymentPostprocessing = 0;
		};
		CF8CADEE1ED51DA200DA6F05 /* Sources */ = {
			isa = PBXSourcesBuildPhase;
			buildActionMask = 2147483647;
			files = (
				CF8CADF71ED51DA200DA6F05 /* PickSwfitTests.swift in Sources */,
			);
			runOnlyForDeploymentPostprocessing = 0;
		};
		CF8CADF91ED51DA200DA6F05 /* Sources */ = {
			isa = PBXSourcesBuildPhase;
			buildActionMask = 2147483647;
			files = (
				CF8CAE021ED51DA200DA6F05 /* PickSwfitUITests.swift in Sources */,
			);
			runOnlyForDeploymentPostprocessing = 0;
		};
/* End PBXSourcesBuildPhase section */

/* Begin PBXTargetDependency section */
		CF8CADF41ED51DA200DA6F05 /* PBXTargetDependency */ = {
			isa = PBXTargetDependency;
			target = CF8CADDD1ED51DA200DA6F05 /* PickSwfit */;
			targetProxy = CF8CADF31ED51DA200DA6F05 /* PBXContainerItemProxy */;
		};
		CF8CADFF1ED51DA200DA6F05 /* PBXTargetDependency */ = {
			isa = PBXTargetDependency;
			target = CF8CADDD1ED51DA200DA6F05 /* PickSwfit */;
			targetProxy = CF8CADFE1ED51DA200DA6F05 /* PBXContainerItemProxy */;
		};
/* End PBXTargetDependency section */

/* Begin PBXVariantGroup section */
		CF8CADE51ED51DA200DA6F05 /* Main.storyboard */ = {
			isa = PBXVariantGroup;
			children = (
				CF8CADE61ED51DA200DA6F05 /* Base */,
			);
			name = Main.storyboard;
			sourceTree = "<group>";
		};
		CF8CADEA1ED51DA200DA6F05 /* LaunchScreen.storyboard */ = {
			isa = PBXVariantGroup;
			children = (
				CF8CADEB1ED51DA200DA6F05 /* Base */,
			);
			name = LaunchScreen.storyboard;
			sourceTree = "<group>";
		};
/* End PBXVariantGroup section */

/* Begin XCBuildConfiguration section */
		CF8CAE041ED51DA200DA6F05 /* Debug */ = {
			isa = XCBuildConfiguration;
			buildSettings = {
				ALWAYS_SEARCH_USER_PATHS = NO;
				CLANG_ANALYZER_NONNULL = YES;
				CLANG_ANALYZER_NUMBER_OBJECT_CONVERSION = YES_AGGRESSIVE;
				CLANG_CXX_LANGUAGE_STANDARD = "gnu++0x";
				CLANG_CXX_LIBRARY = "libc++";
				CLANG_ENABLE_MODULES = YES;
				CLANG_ENABLE_OBJC_ARC = YES;
				CLANG_WARN_BOOL_CONVERSION = YES;
				CLANG_WARN_CONSTANT_CONVERSION = YES;
				CLANG_WARN_DIRECT_OBJC_ISA_USAGE = YES_ERROR;
				CLANG_WARN_DOCUMENTATION_COMMENTS = YES;
				CLANG_WARN_EMPTY_BODY = YES;
				CLANG_WARN_ENUM_CONVERSION = YES;
				CLANG_WARN_INFINITE_RECURSION = YES;
				CLANG_WARN_INT_CONVERSION = YES;
				CLANG_WARN_OBJC_ROOT_CLASS = YES_ERROR;
				CLANG_WARN_SUSPICIOUS_MOVE = YES;
				CLANG_WARN_UNREACHABLE_CODE = YES;
				CLANG_WARN__DUPLICATE_METHOD_MATCH = YES;
				"CODE_SIGN_IDENTITY[sdk=iphoneos*]" = "iPhone Developer";
				COPY_PHASE_STRIP = NO;
				DEBUG_INFORMATION_FORMAT = dwarf;
				ENABLE_STRICT_OBJC_MSGSEND = YES;
				ENABLE_TESTABILITY = YES;
				GCC_C_LANGUAGE_STANDARD = gnu99;
				GCC_DYNAMIC_NO_PIC = NO;
				GCC_NO_COMMON_BLOCKS = YES;
				GCC_OPTIMIZATION_LEVEL = 0;
				GCC_PREPROCESSOR_DEFINITIONS = (
					"DEBUG=1",
					"$(inherited)",
				);
				GCC_WARN_64_TO_32_BIT_CONVERSION = YES;
				GCC_WARN_ABOUT_RETURN_TYPE = YES_ERROR;
				GCC_WARN_UNDECLARED_SELECTOR = YES;
				GCC_WARN_UNINITIALIZED_AUTOS = YES_AGGRESSIVE;
				GCC_WARN_UNUSED_FUNCTION = YES;
				GCC_WARN_UNUSED_VARIABLE = YES;
				IPHONEOS_DEPLOYMENT_TARGET = 10.3;
				MTL_ENABLE_DEBUG_INFO = YES;
				ONLY_ACTIVE_ARCH = YES;
				SDKROOT = iphoneos;
				SWIFT_ACTIVE_COMPILATION_CONDITIONS = DEBUG;
				SWIFT_OPTIMIZATION_LEVEL = "-Onone";
				TARGETED_DEVICE_FAMILY = "1,2";
			};
			name = Debug;
		};
		CF8CAE051ED51DA200DA6F05 /* Release */ = {
			isa = XCBuildConfiguration;
			buildSettings = {
				ALWAYS_SEARCH_USER_PATHS = NO;
				CLANG_ANALYZER_NONNULL = YES;
				CLANG_ANALYZER_NUMBER_OBJECT_CONVERSION = YES_AGGRESSIVE;
				CLANG_CXX_LANGUAGE_STANDARD = "gnu++0x";
				CLANG_CXX_LIBRARY = "libc++";
				CLANG_ENABLE_MODULES = YES;
				CLANG_ENABLE_OBJC_ARC = YES;
				CLANG_WARN_BOOL_CONVERSION = YES;
				CLANG_WARN_CONSTANT_CONVERSION = YES;
				CLANG_WARN_DIRECT_OBJC_ISA_USAGE = YES_ERROR;
				CLANG_WARN_DOCUMENTATION_COMMENTS = YES;
				CLANG_WARN_EMPTY_BODY = YES;
				CLANG_WARN_ENUM_CONVERSION = YES;
				CLANG_WARN_INFINITE_RECURSION = YES;
				CLANG_WARN_INT_CONVERSION = YES;
				CLANG_WARN_OBJC_ROOT_CLASS = YES_ERROR;
				CLANG_WARN_SUSPICIOUS_MOVE = YES;
				CLANG_WARN_UNREACHABLE_CODE = YES;
				CLANG_WARN__DUPLICATE_METHOD_MATCH = YES;
				"CODE_SIGN_IDENTITY[sdk=iphoneos*]" = "iPhone Developer";
				COPY_PHASE_STRIP = NO;
				DEBUG_INFORMATION_FORMAT = "dwarf-with-dsym";
				ENABLE_NS_ASSERTIONS = NO;
				ENABLE_STRICT_OBJC_MSGSEND = YES;
				GCC_C_LANGUAGE_STANDARD = gnu99;
				GCC_NO_COMMON_BLOCKS = YES;
				GCC_WARN_64_TO_32_BIT_CONVERSION = YES;
				GCC_WARN_ABOUT_RETURN_TYPE = YES_ERROR;
				GCC_WARN_UNDECLARED_SELECTOR = YES;
				GCC_WARN_UNINITIALIZED_AUTOS = YES_AGGRESSIVE;
				GCC_WARN_UNUSED_FUNCTION = YES;
				GCC_WARN_UNUSED_VARIABLE = YES;
				IPHONEOS_DEPLOYMENT_TARGET = 10.3;
				MTL_ENABLE_DEBUG_INFO = NO;
				SDKROOT = iphoneos;
				SWIFT_OPTIMIZATION_LEVEL = "-Owholemodule";
				TARGETED_DEVICE_FAMILY = "1,2";
				VALIDATE_PRODUCT = YES;
			};
			name = Release;
		};
		CF8CAE071ED51DA200DA6F05 /* Debug */ = {
			isa = XCBuildConfiguration;
			baseConfigurationReference = AF6AACC4E831AC087B75517A /* Pods-PickSwfit.debug.xcconfig */;
			buildSettings = {
				ASSETCATALOG_COMPILER_APPICON_NAME = AppIcon;
				CLANG_ENABLE_MODULES = YES;
				FRAMEWORK_SEARCH_PATHS = (
					"$(inherited)",
					"$(PROJECT_DIR)/build/Debug-iphoneos/AFNetworking",
				);
				INFOPLIST_FILE = PickSwfit/Info.plist;
				LD_RUNPATH_SEARCH_PATHS = "@executable_path/Frameworks";
				PRODUCT_BUNDLE_IDENTIFIER = Liu.PickSwfit;
				PRODUCT_NAME = "$(TARGET_NAME)";
				SWIFT_OPTIMIZATION_LEVEL = "-Onone";
				SWIFT_VERSION = 3.0;
			};
			name = Debug;
		};
		CF8CAE081ED51DA200DA6F05 /* Release */ = {
			isa = XCBuildConfiguration;
			baseConfigurationReference = 5D60DA262CCC698CFF7DE25F /* Pods-PickSwfit.release.xcconfig */;
			buildSettings = {
				ASSETCATALOG_COMPILER_APPICON_NAME = AppIcon;
				CLANG_ENABLE_MODULES = YES;
				FRAMEWORK_SEARCH_PATHS = (
					"$(inherited)",
					"$(PROJECT_DIR)/build/Debug-iphoneos/AFNetworking",
				);
				INFOPLIST_FILE = PickSwfit/Info.plist;
				LD_RUNPATH_SEARCH_PATHS = "@executable_path/Frameworks";
				PRODUCT_BUNDLE_IDENTIFIER = Liu.PickSwfit;
				PRODUCT_NAME = "$(TARGET_NAME)";
				SWIFT_VERSION = 3.0;
			};
			name = Release;
		};
		CF8CAE0A1ED51DA200DA6F05 /* Debug */ = {
			isa = XCBuildConfiguration;
			buildSettings = {
				ALWAYS_EMBED_SWIFT_STANDARD_LIBRARIES = YES;
				BUNDLE_LOADER = "$(TEST_HOST)";
				INFOPLIST_FILE = PickSwfitTests/Info.plist;
				LD_RUNPATH_SEARCH_PATHS = "$(inherited) @executable_path/Frameworks @loader_path/Frameworks";
				PRODUCT_BUNDLE_IDENTIFIER = Liu.PickSwfitTests;
				PRODUCT_NAME = "$(TARGET_NAME)";
				SWIFT_VERSION = 3.0;
				TEST_HOST = "$(BUILT_PRODUCTS_DIR)/PickSwfit.app/PickSwfit";
			};
			name = Debug;
		};
		CF8CAE0B1ED51DA200DA6F05 /* Release */ = {
			isa = XCBuildConfiguration;
			buildSettings = {
				ALWAYS_EMBED_SWIFT_STANDARD_LIBRARIES = YES;
				BUNDLE_LOADER = "$(TEST_HOST)";
				INFOPLIST_FILE = PickSwfitTests/Info.plist;
				LD_RUNPATH_SEARCH_PATHS = "$(inherited) @executable_path/Frameworks @loader_path/Frameworks";
				PRODUCT_BUNDLE_IDENTIFIER = Liu.PickSwfitTests;
				PRODUCT_NAME = "$(TARGET_NAME)";
				SWIFT_VERSION = 3.0;
				TEST_HOST = "$(BUILT_PRODUCTS_DIR)/PickSwfit.app/PickSwfit";
			};
			name = Release;
		};
		CF8CAE0D1ED51DA200DA6F05 /* Debug */ = {
			isa = XCBuildConfiguration;
			buildSettings = {
				ALWAYS_EMBED_SWIFT_STANDARD_LIBRARIES = YES;
				INFOPLIST_FILE = PickSwfitUITests/Info.plist;
				LD_RUNPATH_SEARCH_PATHS = "$(inherited) @executable_path/Frameworks @loader_path/Frameworks";
				PRODUCT_BUNDLE_IDENTIFIER = Liu.PickSwfitUITests;
				PRODUCT_NAME = "$(TARGET_NAME)";
				SWIFT_VERSION = 3.0;
				TEST_TARGET_NAME = PickSwfit;
			};
			name = Debug;
		};
		CF8CAE0E1ED51DA200DA6F05 /* Release */ = {
			isa = XCBuildConfiguration;
			buildSettings = {
				ALWAYS_EMBED_SWIFT_STANDARD_LIBRARIES = YES;
				INFOPLIST_FILE = PickSwfitUITests/Info.plist;
				LD_RUNPATH_SEARCH_PATHS = "$(inherited) @executable_path/Frameworks @loader_path/Frameworks";
				PRODUCT_BUNDLE_IDENTIFIER = Liu.PickSwfitUITests;
				PRODUCT_NAME = "$(TARGET_NAME)";
				SWIFT_VERSION = 3.0;
				TEST_TARGET_NAME = PickSwfit;
			};
			name = Release;
		};
/* End XCBuildConfiguration section */

/* Begin XCConfigurationList section */
		CF8CADD91ED51DA200DA6F05 /* Build configuration list for PBXProject "PickSwfit" */ = {
			isa = XCConfigurationList;
			buildConfigurations = (
				CF8CAE041ED51DA200DA6F05 /* Debug */,
				CF8CAE051ED51DA200DA6F05 /* Release */,
			);
			defaultConfigurationIsVisible = 0;
			defaultConfigurationName = Release;
		};
		CF8CAE061ED51DA200DA6F05 /* Build configuration list for PBXNativeTarget "PickSwfit" */ = {
			isa = XCConfigurationList;
			buildConfigurations = (
				CF8CAE071ED51DA200DA6F05 /* Debug */,
				CF8CAE081ED51DA200DA6F05 /* Release */,
			);
			defaultConfigurationIsVisible = 0;
			defaultConfigurationName = Release;
		};
		CF8CAE091ED51DA200DA6F05 /* Build configuration list for PBXNativeTarget "PickSwfitTests" */ = {
			isa = XCConfigurationList;
			buildConfigurations = (
				CF8CAE0A1ED51DA200DA6F05 /* Debug */,
				CF8CAE0B1ED51DA200DA6F05 /* Release */,
			);
			defaultConfigurationIsVisible = 0;
			defaultConfigurationName = Release;
		};
		CF8CAE0C1ED51DA200DA6F05 /* Build configuration list for PBXNativeTarget "PickSwfitUITests" */ = {
			isa = XCConfigurationList;
			buildConfigurations = (
				CF8CAE0D1ED51DA200DA6F05 /* Debug */,
				CF8CAE0E1ED51DA200DA6F05 /* Release */,
			);
			defaultConfigurationIsVisible = 0;
			defaultConfigurationName = Release;
		};
/* End XCConfigurationList section */
	};
	rootObject = CF8CADD61ED51DA200DA6F05 /* Project object */;
}
